
Microsoft Visual Studio Solution File, Format Version 12.00
# Visual Studio Version 17
VisualStudioVersion = 17.10.35931.201
MinimumVisualStudioVersion = 10.0.40219.1
Project("{2150E333-8FDC-42A3-9474-1A3956D46DE8}") = "src", "src", "{827E0CD3-B72D-47B6-A68D-7590B98EB39B}"
EndProject
Project("{FAE04EC0-301F-11D3-BF4B-00C04F79EFBC}") = "SurfaceChartPoC", "src\SurfaceChartPoC\SurfaceChartPoC.csproj", "{6FBA68FD-87AD-4039-A802-A8F825CCCC7C}"
EndProject
Project("{FAE04EC0-301F-11D3-BF4B-00C04F79EFBC}") = "PolarChartPoC", "src\PolarChartPoC\PolarChartPoC.csproj", "{E238A0D1-B219-4996-ADCE-331C184C077C}"
EndProject
Project("{2150E333-8FDC-42A3-9474-1A3956D46DE8}") = "Common", "Common", "{28DBDBBB-C8AA-FF29-16D6-46F5FA6BF4C5}"
EndProject
Project("{FAE04EC0-301F-11D3-BF4B-00C04F79EFBC}") = "Common", "src\Common\Common.csproj", "{5DE9A8C0-6FB3-42F0-8FE8-6987C4E3AC82}"
EndProject
Project("{FAE04EC0-301F-11D3-BF4B-00C04F79EFBC}") = "Demo", "src\Demo\Demo.csproj", "{2F75FCA6-8B11-48EC-832D-D0C14945E757}"
EndProject
Global
	GlobalSection(SolutionConfigurationPlatforms) = preSolution
		Debug|Any CPU = Debug|Any CPU
		Debug|x64 = Debug|x64
		Debug|x86 = Debug|x86
		Release|Any CPU = Release|Any CPU
		Release|x64 = Release|x64
		Release|x86 = Release|x86
	EndGlobalSection
	GlobalSection(ProjectConfigurationPlatforms) = postSolution
		{6FBA68FD-87AD-4039-A802-A8F825CCCC7C}.Debug|Any CPU.ActiveCfg = Debug|Any CPU
		{6FBA68FD-87AD-4039-A802-A8F825CCCC7C}.Debug|Any CPU.Build.0 = Debug|Any CPU
		{6FBA68FD-87AD-4039-A802-A8F825CCCC7C}.Debug|x64.ActiveCfg = Debug|Any CPU
		{6FBA68FD-87AD-4039-A802-A8F825CCCC7C}.Debug|x64.Build.0 = Debug|Any CPU
		{6FBA68FD-87AD-4039-A802-A8F825CCCC7C}.Debug|x86.ActiveCfg = Debug|Any CPU
		{6FBA68FD-87AD-4039-A802-A8F825CCCC7C}.Debug|x86.Build.0 = Debug|Any CPU
		{6FBA68FD-87AD-4039-A802-A8F825CCCC7C}.Release|Any CPU.ActiveCfg = Release|Any CPU
		{6FBA68FD-87AD-4039-A802-A8F825CCCC7C}.Release|Any CPU.Build.0 = Release|Any CPU
		{6FBA68FD-87AD-4039-A802-A8F825CCCC7C}.Release|x64.ActiveCfg = Release|Any CPU
		{6FBA68FD-87AD-4039-A802-A8F825CCCC7C}.Release|x64.Build.0 = Release|Any CPU
		{6FBA68FD-87AD-4039-A802-A8F825CCCC7C}.Release|x86.ActiveCfg = Release|Any CPU
		{6FBA68FD-87AD-4039-A802-A8F825CCCC7C}.Release|x86.Build.0 = Release|Any CPU
		{E238A0D1-B219-4996-ADCE-331C184C077C}.Debug|Any CPU.ActiveCfg = Debug|Any CPU
		{E238A0D1-B219-4996-ADCE-331C184C077C}.Debug|Any CPU.Build.0 = Debug|Any CPU
		{E238A0D1-B219-4996-ADCE-331C184C077C}.Debug|x64.ActiveCfg = Debug|Any CPU
		{E238A0D1-B219-4996-ADCE-331C184C077C}.Debug|x64.Build.0 = Debug|Any CPU
		{E238A0D1-B219-4996-ADCE-331C184C077C}.Debug|x86.ActiveCfg = Debug|Any CPU
		{E238A0D1-B219-4996-ADCE-331C184C077C}.Debug|x86.Build.0 = Debug|Any CPU
		{E238A0D1-B219-4996-ADCE-331C184C077C}.Release|Any CPU.ActiveCfg = Release|Any CPU
		{E238A0D1-B219-4996-ADCE-331C184C077C}.Release|Any CPU.Build.0 = Release|Any CPU
		{E238A0D1-B219-4996-ADCE-331C184C077C}.Release|x64.ActiveCfg = Release|Any CPU
		{E238A0D1-B219-4996-ADCE-331C184C077C}.Release|x64.Build.0 = Release|Any CPU
		{E238A0D1-B219-4996-ADCE-331C184C077C}.Release|x86.ActiveCfg = Release|Any CPU
		{E238A0D1-B219-4996-ADCE-331C184C077C}.Release|x86.Build.0 = Release|Any CPU
		{5DE9A8C0-6FB3-42F0-8FE8-6987C4E3AC82}.Debug|Any CPU.ActiveCfg = Debug|Any CPU
		{5DE9A8C0-6FB3-42F0-8FE8-6987C4E3AC82}.Debug|Any CPU.Build.0 = Debug|Any CPU
		{5DE9A8C0-6FB3-42F0-8FE8-6987C4E3AC82}.Debug|x64.ActiveCfg = Debug|Any CPU
		{5DE9A8C0-6FB3-42F0-8FE8-6987C4E3AC82}.Debug|x64.Build.0 = Debug|Any CPU
		{5DE9A8C0-6FB3-42F0-8FE8-6987C4E3AC82}.Debug|x86.ActiveCfg = Debug|Any CPU
		{5DE9A8C0-6FB3-42F0-8FE8-6987C4E3AC82}.Debug|x86.Build.0 = Debug|Any CPU
		{5DE9A8C0-6FB3-42F0-8FE8-6987C4E3AC82}.Release|Any CPU.ActiveCfg = Release|Any CPU
		{5DE9A8C0-6FB3-42F0-8FE8-6987C4E3AC82}.Release|Any CPU.Build.0 = Release|Any CPU
		{5DE9A8C0-6FB3-42F0-8FE8-6987C4E3AC82}.Release|x64.ActiveCfg = Release|Any CPU
		{5DE9A8C0-6FB3-42F0-8FE8-6987C4E3AC82}.Release|x64.Build.0 = Release|Any CPU
		{5DE9A8C0-6FB3-42F0-8FE8-6987C4E3AC82}.Release|x86.ActiveCfg = Release|Any CPU
		{5DE9A8C0-6FB3-42F0-8FE8-6987C4E3AC82}.Release|x86.Build.0 = Release|Any CPU
		{2F75FCA6-8B11-48EC-832D-D0C14945E757}.Debug|Any CPU.ActiveCfg = Debug|Any CPU
		{2F75FCA6-8B11-48EC-832D-D0C14945E757}.Debug|Any CPU.Build.0 = Debug|Any CPU
		{2F75FCA6-8B11-48EC-832D-D0C14945E757}.Debug|x64.ActiveCfg = Debug|Any CPU
		{2F75FCA6-8B11-48EC-832D-D0C14945E757}.Debug|x64.Build.0 = Debug|Any CPU
		{2F75FCA6-8B11-48EC-832D-D0C14945E757}.Debug|x86.ActiveCfg = Debug|Any CPU
		{2F75FCA6-8B11-48EC-832D-D0C14945E757}.Debug|x86.Build.0 = Debug|Any CPU
		{2F75FCA6-8B11-48EC-832D-D0C14945E757}.Release|Any CPU.ActiveCfg = Release|Any CPU
		{2F75FCA6-8B11-48EC-832D-D0C14945E757}.Release|Any CPU.Build.0 = Release|Any CPU
		{2F75FCA6-8B11-48EC-832D-D0C14945E757}.Release|x64.ActiveCfg = Release|Any CPU
		{2F75FCA6-8B11-48EC-832D-D0C14945E757}.Release|x64.Build.0 = Release|Any CPU
		{2F75FCA6-8B11-48EC-832D-D0C14945E757}.Release|x86.ActiveCfg = Release|Any CPU
		{2F75FCA6-8B11-48EC-832D-D0C14945E757}.Release|x86.Build.0 = Release|Any CPU
	EndGlobalSection
	GlobalSection(SolutionProperties) = preSolution
		HideSolutionNode = FALSE
	EndGlobalSection
	GlobalSection(NestedProjects) = preSolution
		{6FBA68FD-87AD-4039-A802-A8F825CCCC7C} = {827E0CD3-B72D-47B6-A68D-7590B98EB39B}
		{E238A0D1-B219-4996-ADCE-331C184C077C} = {827E0CD3-B72D-47B6-A68D-7590B98EB39B}
		{28DBDBBB-C8AA-FF29-16D6-46F5FA6BF4C5} = {827E0CD3-B72D-47B6-A68D-7590B98EB39B}
		{5DE9A8C0-6FB3-42F0-8FE8-6987C4E3AC82} = {28DBDBBB-C8AA-FF29-16D6-46F5FA6BF4C5}
		{2F75FCA6-8B11-48EC-832D-D0C14945E757} = {827E0CD3-B72D-47B6-A68D-7590B98EB39B}
	EndGlobalSection
	GlobalSection(ExtensibilityGlobals) = postSolution
		SolutionGuid = {91E77CE1-F235-46DA-BE6E-84ED702E5564}
	EndGlobalSection
EndGlobal
