
Microsoft Visual Studio Solution File, Format Version 12.00
# Visual Studio Version 17
VisualStudioVersion = 17.10.35931.201
MinimumVisualStudioVersion = 10.0.40219.1
Project("{2150E333-8FDC-42A3-9474-1A3956D46DE8}") = "src", "src", "{827E0CD3-B72D-47B6-A68D-7590B98EB39B}"
EndProject
Project("{2150E333-8FDC-42A3-9474-1A3956D46DE8}") = "Common", "Common", "{28DBDBBB-C8AA-FF29-16D6-46F5FA6BF4C5}"
EndProject
Project("{FAE04EC0-301F-11D3-BF4B-00C04F79EFBC}") = "Common", "src\Common\Common.csproj", "{5DE9A8C0-6FB3-42F0-8FE8-6987C4E3AC82}"
EndProject
Project("{FAE04EC0-301F-11D3-BF4B-00C04F79EFBC}") = "Demo", "src\Demo\Demo.csproj", "{2F75FCA6-8B11-48EC-832D-D0C14945E757}"
EndProject
Project("{FAE04EC0-301F-11D3-BF4B-00C04F79EFBC}") = "SurfaceChartLib", "src\SurfaceChartLib\SurfaceChartLib.csproj", "{07E3D30B-0226-4219-A7BD-7C299FA92AFD}"
EndProject
Project("{FAE04EC0-301F-11D3-BF4B-00C04F79EFBC}") = "PolarChartLib", "src\PolarChartLib\PolarChartLib.csproj", "{430CA3FE-F23C-4BFB-9F4C-8AA6CB2AE84A}"
EndProject
Global
GlobalSection(SolutionConfigurationPlatforms) = preSolution
		Debug|x64 = Debug|x64
		Release|x64 = Release|x64
EndGlobalSection
	GlobalSection(ProjectConfigurationPlatforms) = postSolution
		{5DE9A8C0-6FB3-42F0-8FE8-6987C4E3AC82}.Debug|x64.ActiveCfg = Debug|x64
		{5DE9A8C0-6FB3-42F0-8FE8-6987C4E3AC82}.Debug|x64.Build.0 = Debug|x64
		{5DE9A8C0-6FB3-42F0-8FE8-6987C4E3AC82}.Release|x64.ActiveCfg = Release|x64
		{5DE9A8C0-6FB3-42F0-8FE8-6987C4E3AC82}.Release|x64.Build.0 = Release|x64
		{2F75FCA6-8B11-48EC-832D-D0C14945E757}.Debug|x64.ActiveCfg = Debug|x64
		{2F75FCA6-8B11-48EC-832D-D0C14945E757}.Debug|x64.Build.0 = Debug|x64
		{2F75FCA6-8B11-48EC-832D-D0C14945E757}.Release|x64.ActiveCfg = Release|x64
		{2F75FCA6-8B11-48EC-832D-D0C14945E757}.Release|x64.Build.0 = Release|x64
		{07E3D30B-0226-4219-A7BD-7C299FA92AFD}.Debug|x64.ActiveCfg = Debug|x64
		{07E3D30B-0226-4219-A7BD-7C299FA92AFD}.Debug|x64.Build.0 = Debug|x64
		{07E3D30B-0226-4219-A7BD-7C299FA92AFD}.Release|x64.ActiveCfg = Release|x64
		{07E3D30B-0226-4219-A7BD-7C299FA92AFD}.Release|x64.Build.0 = Release|x64
		{430CA3FE-F23C-4BFB-9F4C-8AA6CB2AE84A}.Debug|x64.ActiveCfg = Debug|x64
		{430CA3FE-F23C-4BFB-9F4C-8AA6CB2AE84A}.Debug|x64.Build.0 = Debug|x64
		{430CA3FE-F23C-4BFB-9F4C-8AA6CB2AE84A}.Release|x64.ActiveCfg = Release|x64
		{430CA3FE-F23C-4BFB-9F4C-8AA6CB2AE84A}.Release|x64.Build.0 = Release|x64
	EndGlobalSection
	GlobalSection(SolutionProperties) = preSolution
		HideSolutionNode = FALSE
	EndGlobalSection
	GlobalSection(NestedProjects) = preSolution
		{28DBDBBB-C8AA-FF29-16D6-46F5FA6BF4C5} = {827E0CD3-B72D-47B6-A68D-7590B98EB39B}
		{5DE9A8C0-6FB3-42F0-8FE8-6987C4E3AC82} = {28DBDBBB-C8AA-FF29-16D6-46F5FA6BF4C5}
		{2F75FCA6-8B11-48EC-832D-D0C14945E757} = {827E0CD3-B72D-47B6-A68D-7590B98EB39B}
		{07E3D30B-0226-4219-A7BD-7C299FA92AFD} = {827E0CD3-B72D-47B6-A68D-7590B98EB39B}
		{430CA3FE-F23C-4BFB-9F4C-8AA6CB2AE84A} = {827E0CD3-B72D-47B6-A68D-7590B98EB39B}
	EndGlobalSection
	GlobalSection(ExtensibilityGlobals) = postSolution
		SolutionGuid = {91E77CE1-F235-46DA-BE6E-84ED702E5564}
	EndGlobalSection
EndGlobal
